// !$*UTF8*$!
{
	archiveVersion = 1;
	classes = {
	};
	objectVersion = 77;
	objects = {

/* Begin PBXBuildFile section */
		400809D62DCA50120064778D /* NoteDetailVC.swift in Sources */ = {isa = PBXBuildFile; fileRef = 400809D52DCA50110064778D /* NoteDetailVC.swift */; };
		400809DF2DCC5F740064778D /* KeychainWrapper.swift in Sources */ = {isa = PBXBuildFile; fileRef = 400809DE2DCC5F740064778D /* KeychainWrapper.swift */; };
		400809E02DCC5F740064778D /* KeychainItemAccessibility.swift in Sources */ = {isa = PBXBuildFile; fileRef = 400809DD2DCC5F740064778D /* KeychainItemAccessibility.swift */; };
		400809E32DCC5FE90064778D /* PersistenceManager.swift in Sources */ = {isa = PBXBuildFile; fileRef = 400809E22DCC5FE90064778D /* PersistenceManager.swift */; };
		400809E62DCC61900064778D /* Constants+Utils.swift in Sources */ = {isa = PBXBuildFile; fileRef = 400809E52DCC61900064778D /* Constants+Utils.swift */; };
		400809E92DCC62A80064778D /* NCNote.swift in Sources */ = {isa = PBXBuildFile; fileRef = 400809E82DCC62A80064778D /* NCNote.swift */; };
		405B2E352DDCC30000F639F6 /* UIViewController+Ext.swift in Sources */ = {isa = PBXBuildFile; fileRef = 405B2E342DDCC30000F639F6 /* UIViewController+Ext.swift */; };
		408C49D02DDEA8DB00D34449 /* UIAlertController+Ext.swift in Sources */ = {isa = PBXBuildFile; fileRef = 408C49CF2DDEA8DB00D34449 /* UIAlertController+Ext.swift */; };
		4094E6FF2DC686AF0027AB42 /* Assets.xcassets in Resources */ = {isa = PBXBuildFile; fileRef = 4094E6F42DC686AF0027AB42 /* Assets.xcassets */; };
		4094E7022DC686AF0027AB42 /* Main.storyboard in Resources */ = {isa = PBXBuildFile; fileRef = 4094E6F92DC686AF0027AB42 /* Main.storyboard */; };
		4094E7032DC686AF0027AB42 /* AppDelegate.swift in Sources */ = {isa = PBXBuildFile; fileRef = 4094E6F32DC686AF0027AB42 /* AppDelegate.swift */; };
		4094E7042DC686AF0027AB42 /* Milestone8_iOSNotesAppClone.xcdatamodeld in Sources */ = {isa = PBXBuildFile; fileRef = 4094E6FA2DC686AF0027AB42 /* Milestone8_iOSNotesAppClone.xcdatamodeld */; };
		4094E7052DC686AF0027AB42 /* SceneDelegate.swift in Sources */ = {isa = PBXBuildFile; fileRef = 4094E6FB2DC686AF0027AB42 /* SceneDelegate.swift */; };
		4094E7062DC686AF0027AB42 /* HomeTableVC.swift in Sources */ = {isa = PBXBuildFile; fileRef = 4094E6FC2DC686AF0027AB42 /* HomeTableVC.swift */; };
		40B2E38A2DD8D8CD007E9676 /* NCError+Utils.swift in Sources */ = {isa = PBXBuildFile; fileRef = 40B2E3892DD8D8CD007E9676 /* NCError+Utils.swift */; };
/* End PBXBuildFile section */

/* Begin PBXContainerItemProxy section */
		4094E6D62DC5FDF70027AB42 /* PBXContainerItemProxy */ = {
			isa = PBXContainerItemProxy;
			containerPortal = 4094E6B42DC5FDED0027AB42 /* Project object */;
			proxyType = 1;
			remoteGlobalIDString = 4094E6BB2DC5FDED0027AB42;
			remoteInfo = "Milestone8-iOSNotesAppClone";
		};
		4094E6E02DC5FDF70027AB42 /* PBXContainerItemProxy */ = {
			isa = PBXContainerItemProxy;
			containerPortal = 4094E6B42DC5FDED0027AB42 /* Project object */;
			proxyType = 1;
			remoteGlobalIDString = 4094E6BB2DC5FDED0027AB42;
			remoteInfo = "Milestone8-iOSNotesAppClone";
		};
/* End PBXContainerItemProxy section */

/* Begin PBXFileReference section */
		400809D52DCA50110064778D /* NoteDetailVC.swift */ = {isa = PBXFileReference; lastKnownFileType = sourcecode.swift; path = NoteDetailVC.swift; sourceTree = "<group>"; };
		400809DD2DCC5F740064778D /* KeychainItemAccessibility.swift */ = {isa = PBXFileReference; lastKnownFileType = sourcecode.swift; path = KeychainItemAccessibility.swift; sourceTree = "<group>"; };
		400809DE2DCC5F740064778D /* KeychainWrapper.swift */ = {isa = PBXFileReference; lastKnownFileType = sourcecode.swift; path = KeychainWrapper.swift; sourceTree = "<group>"; };
		400809E22DCC5FE90064778D /* PersistenceManager.swift */ = {isa = PBXFileReference; lastKnownFileType = sourcecode.swift; path = PersistenceManager.swift; sourceTree = "<group>"; };
		400809E52DCC61900064778D /* Constants+Utils.swift */ = {isa = PBXFileReference; lastKnownFileType = sourcecode.swift; path = "Constants+Utils.swift"; sourceTree = "<group>"; };
		400809E82DCC62A80064778D /* NCNote.swift */ = {isa = PBXFileReference; lastKnownFileType = sourcecode.swift; path = NCNote.swift; sourceTree = "<group>"; };
		405B2E342DDCC30000F639F6 /* UIViewController+Ext.swift */ = {isa = PBXFileReference; lastKnownFileType = sourcecode.swift; path = "UIViewController+Ext.swift"; sourceTree = "<group>"; };
		408C49CF2DDEA8DB00D34449 /* UIAlertController+Ext.swift */ = {isa = PBXFileReference; lastKnownFileType = sourcecode.swift; path = "UIAlertController+Ext.swift"; sourceTree = "<group>"; };
		4094E6BC2DC5FDED0027AB42 /* Milestone8-iOSNotesAppClone.app */ = {isa = PBXFileReference; explicitFileType = wrapper.application; includeInIndex = 0; path = "Milestone8-iOSNotesAppClone.app"; sourceTree = BUILT_PRODUCTS_DIR; };
		4094E6D52DC5FDF70027AB42 /* Milestone8-iOSNotesAppCloneTests.xctest */ = {isa = PBXFileReference; explicitFileType = wrapper.cfbundle; includeInIndex = 0; path = "Milestone8-iOSNotesAppCloneTests.xctest"; sourceTree = BUILT_PRODUCTS_DIR; };
		4094E6DF2DC5FDF70027AB42 /* Milestone8-iOSNotesAppCloneUITests.xctest */ = {isa = PBXFileReference; explicitFileType = wrapper.cfbundle; includeInIndex = 0; path = "Milestone8-iOSNotesAppCloneUITests.xctest"; sourceTree = BUILT_PRODUCTS_DIR; };
		4094E6F32DC686AF0027AB42 /* AppDelegate.swift */ = {isa = PBXFileReference; lastKnownFileType = sourcecode.swift; path = AppDelegate.swift; sourceTree = "<group>"; };
		4094E6F42DC686AF0027AB42 /* Assets.xcassets */ = {isa = PBXFileReference; lastKnownFileType = folder.assetcatalog; path = Assets.xcassets; sourceTree = "<group>"; };
		4094E6F52DC686AF0027AB42 /* Info.plist */ = {isa = PBXFileReference; lastKnownFileType = text.plist.xml; path = Info.plist; sourceTree = "<group>"; };
		4094E6F82DC686AF0027AB42 /* Base */ = {isa = PBXFileReference; lastKnownFileType = file.storyboard; name = Base; path = Base.lproj/Main.storyboard; sourceTree = "<group>"; };
		4094E6FB2DC686AF0027AB42 /* SceneDelegate.swift */ = {isa = PBXFileReference; lastKnownFileType = sourcecode.swift; path = SceneDelegate.swift; sourceTree = "<group>"; };
		4094E6FC2DC686AF0027AB42 /* HomeTableVC.swift */ = {isa = PBXFileReference; lastKnownFileType = sourcecode.swift; path = HomeTableVC.swift; sourceTree = "<group>"; };
		4094E6FE2DC686AF0027AB42 /* Milestone8_iOSNotesAppClone.xcdatamodel */ = {isa = PBXFileReference; lastKnownFileType = wrapper.xcdatamodel; path = Milestone8_iOSNotesAppClone.xcdatamodel; sourceTree = "<group>"; };
		40B2E3892DD8D8CD007E9676 /* NCError+Utils.swift */ = {isa = PBXFileReference; lastKnownFileType = sourcecode.swift; path = "NCError+Utils.swift"; sourceTree = "<group>"; };
/* End PBXFileReference section */

/* Begin PBXFileSystemSynchronizedRootGroup section */
		4094E6D82DC5FDF70027AB42 /* Milestone8-iOSNotesAppCloneTests */ = {
			isa = PBXFileSystemSynchronizedRootGroup;
			path = "Milestone8-iOSNotesAppCloneTests";
			sourceTree = "<group>";
		};
		4094E6E22DC5FDF70027AB42 /* Milestone8-iOSNotesAppCloneUITests */ = {
			isa = PBXFileSystemSynchronizedRootGroup;
			path = "Milestone8-iOSNotesAppCloneUITests";
			sourceTree = "<group>";
		};
/* End PBXFileSystemSynchronizedRootGroup section */

/* Begin PBXFrameworksBuildPhase section */
		4094E6B92DC5FDED0027AB42 /* Frameworks */ = {
			isa = PBXFrameworksBuildPhase;
			buildActionMask = 2147483647;
			files = (
			);
			runOnlyForDeploymentPostprocessing = 0;
		};
		4094E6D22DC5FDF70027AB42 /* Frameworks */ = {
			isa = PBXFrameworksBuildPhase;
			buildActionMask = 2147483647;
			files = (
			);
			runOnlyForDeploymentPostprocessing = 0;
		};
		4094E6DC2DC5FDF70027AB42 /* Frameworks */ = {
			isa = PBXFrameworksBuildPhase;
			buildActionMask = 2147483647;
			files = (
			);
			runOnlyForDeploymentPostprocessing = 0;
		};
/* End PBXFrameworksBuildPhase section */

/* Begin PBXGroup section */
		400809E12DCC5FC10064778D /* Managers */ = {
			isa = PBXGroup;
			children = (
				400809E22DCC5FE90064778D /* PersistenceManager.swift */,
			);
			path = Managers;
			sourceTree = "<group>";
		};
		400809E42DCC61720064778D /* Utilities */ = {
			isa = PBXGroup;
			children = (
				400809E52DCC61900064778D /* Constants+Utils.swift */,
				40B2E3892DD8D8CD007E9676 /* NCError+Utils.swift */,
			);
			path = Utilities;
			sourceTree = "<group>";
		};
		400809E72DCC62860064778D /* Models */ = {
			isa = PBXGroup;
			children = (
				400809E82DCC62A80064778D /* NCNote.swift */,
			);
			path = Models;
			sourceTree = "<group>";
		};
		405B2E332DDCC2EA00F639F6 /* Extensions */ = {
			isa = PBXGroup;
			children = (
				405B2E342DDCC30000F639F6 /* UIViewController+Ext.swift */,
				408C49CF2DDEA8DB00D34449 /* UIAlertController+Ext.swift */,
			);
			path = Extensions;
			sourceTree = "<group>";
		};
		4094E6B32DC5FDED0027AB42 = {
			isa = PBXGroup;
			children = (
				4094E6FD2DC686AF0027AB42 /* Milestone8-iOSNotesAppClone */,
				4094E6D82DC5FDF70027AB42 /* Milestone8-iOSNotesAppCloneTests */,
				4094E6E22DC5FDF70027AB42 /* Milestone8-iOSNotesAppCloneUITests */,
				4094E6BD2DC5FDED0027AB42 /* Products */,
			);
			sourceTree = "<group>";
		};
		4094E6BD2DC5FDED0027AB42 /* Products */ = {
			isa = PBXGroup;
			children = (
				4094E6BC2DC5FDED0027AB42 /* Milestone8-iOSNotesAppClone.app */,
				4094E6D52DC5FDF70027AB42 /* Milestone8-iOSNotesAppCloneTests.xctest */,
				4094E6DF2DC5FDF70027AB42 /* Milestone8-iOSNotesAppCloneUITests.xctest */,
			);
			name = Products;
			sourceTree = "<group>";
		};
		4094E6FD2DC686AF0027AB42 /* Milestone8-iOSNotesAppClone */ = {
			isa = PBXGroup;
			children = (
				405B2E332DDCC2EA00F639F6 /* Extensions */,
				400809E12DCC5FC10064778D /* Managers */,
				400809E42DCC61720064778D /* Utilities */,
				400809E72DCC62860064778D /* Models */,
				4094E7082DC686ED0027AB42 /* Screens */,
				4094E7072DC686C40027AB42 /* Support */,
				4094E6F52DC686AF0027AB42 /* Info.plist */,
			);
			path = "Milestone8-iOSNotesAppClone";
			sourceTree = "<group>";
		};
		4094E7072DC686C40027AB42 /* Support */ = {
			isa = PBXGroup;
			children = (
				4094E6F32DC686AF0027AB42 /* AppDelegate.swift */,
				4094E6FB2DC686AF0027AB42 /* SceneDelegate.swift */,
				400809DD2DCC5F740064778D /* KeychainItemAccessibility.swift */,
				400809DE2DCC5F740064778D /* KeychainWrapper.swift */,
				4094E6F42DC686AF0027AB42 /* Assets.xcassets */,
				4094E6F92DC686AF0027AB42 /* Main.storyboard */,
				4094E6FA2DC686AF0027AB42 /* Milestone8_iOSNotesAppClone.xcdatamodeld */,
			);
			path = Support;
			sourceTree = "<group>";
		};
		4094E7082DC686ED0027AB42 /* Screens */ = {
			isa = PBXGroup;
			children = (
				4094E6FC2DC686AF0027AB42 /* HomeTableVC.swift */,
				400809D52DCA50110064778D /* NoteDetailVC.swift */,
			);
			path = Screens;
			sourceTree = "<group>";
		};
/* End PBXGroup section */

/* Begin PBXNativeTarget section */
		4094E6BB2DC5FDED0027AB42 /* Milestone8-iOSNotesAppClone */ = {
			isa = PBXNativeTarget;
			buildConfigurationList = 4094E6E82DC5FDF70027AB42 /* Build configuration list for PBXNativeTarget "Milestone8-iOSNotesAppClone" */;
			buildPhases = (
				4094E6B82DC5FDED0027AB42 /* Sources */,
				4094E6B92DC5FDED0027AB42 /* Frameworks */,
				4094E6BA2DC5FDED0027AB42 /* Resources */,
			);
			buildRules = (
			);
			dependencies = (
			);
			name = "Milestone8-iOSNotesAppClone";
			packageProductDependencies = (
			);
			productName = "Milestone8-iOSNotesAppClone";
			productReference = 4094E6BC2DC5FDED0027AB42 /* Milestone8-iOSNotesAppClone.app */;
			productType = "com.apple.product-type.application";
		};
		4094E6D42DC5FDF70027AB42 /* Milestone8-iOSNotesAppCloneTests */ = {
			isa = PBXNativeTarget;
			buildConfigurationList = 4094E6ED2DC5FDF70027AB42 /* Build configuration list for PBXNativeTarget "Milestone8-iOSNotesAppCloneTests" */;
			buildPhases = (
				4094E6D12DC5FDF70027AB42 /* Sources */,
				4094E6D22DC5FDF70027AB42 /* Frameworks */,
				4094E6D32DC5FDF70027AB42 /* Resources */,
			);
			buildRules = (
			);
			dependencies = (
				4094E6D72DC5FDF70027AB42 /* PBXTargetDependency */,
			);
			fileSystemSynchronizedGroups = (
				4094E6D82DC5FDF70027AB42 /* Milestone8-iOSNotesAppCloneTests */,
			);
			name = "Milestone8-iOSNotesAppCloneTests";
			packageProductDependencies = (
			);
			productName = "Milestone8-iOSNotesAppCloneTests";
			productReference = 4094E6D52DC5FDF70027AB42 /* Milestone8-iOSNotesAppCloneTests.xctest */;
			productType = "com.apple.product-type.bundle.unit-test";
		};
		4094E6DE2DC5FDF70027AB42 /* Milestone8-iOSNotesAppCloneUITests */ = {
			isa = PBXNativeTarget;
			buildConfigurationList = 4094E6F02DC5FDF70027AB42 /* Build configuration list for PBXNativeTarget "Milestone8-iOSNotesAppCloneUITests" */;
			buildPhases = (
				4094E6DB2DC5FDF70027AB42 /* Sources */,
				4094E6DC2DC5FDF70027AB42 /* Frameworks */,
				4094E6DD2DC5FDF70027AB42 /* Resources */,
			);
			buildRules = (
			);
			dependencies = (
				4094E6E12DC5FDF70027AB42 /* PBXTargetDependency */,
			);
			fileSystemSynchronizedGroups = (
				4094E6E22DC5FDF70027AB42 /* Milestone8-iOSNotesAppCloneUITests */,
			);
			name = "Milestone8-iOSNotesAppCloneUITests";
			packageProductDependencies = (
			);
			productName = "Milestone8-iOSNotesAppCloneUITests";
			productReference = 4094E6DF2DC5FDF70027AB42 /* Milestone8-iOSNotesAppCloneUITests.xctest */;
			productType = "com.apple.product-type.bundle.ui-testing";
		};
/* End PBXNativeTarget section */

/* Begin PBXProject section */
		4094E6B42DC5FDED0027AB42 /* Project object */ = {
			isa = PBXProject;
			attributes = {
				BuildIndependentTargetsInParallel = 1;
				LastSwiftUpdateCheck = 1620;
				LastUpgradeCheck = 1620;
				TargetAttributes = {
					4094E6BB2DC5FDED0027AB42 = {
						CreatedOnToolsVersion = 16.2;
					};
					4094E6D42DC5FDF70027AB42 = {
						CreatedOnToolsVersion = 16.2;
						TestTargetID = 4094E6BB2DC5FDED0027AB42;
					};
					4094E6DE2DC5FDF70027AB42 = {
						CreatedOnToolsVersion = 16.2;
						TestTargetID = 4094E6BB2DC5FDED0027AB42;
					};
				};
			};
			buildConfigurationList = 4094E6B72DC5FDED0027AB42 /* Build configuration list for PBXProject "Milestone8-iOSNotesAppClone" */;
			developmentRegion = en;
			hasScannedForEncodings = 0;
			knownRegions = (
				en,
				Base,
			);
			mainGroup = 4094E6B32DC5FDED0027AB42;
			minimizedProjectReferenceProxies = 1;
			preferredProjectObjectVersion = 77;
			productRefGroup = 4094E6BD2DC5FDED0027AB42 /* Products */;
			projectDirPath = "";
			projectRoot = "";
			targets = (
				4094E6BB2DC5FDED0027AB42 /* Milestone8-iOSNotesAppClone */,
				4094E6D42DC5FDF70027AB42 /* Milestone8-iOSNotesAppCloneTests */,
				4094E6DE2DC5FDF70027AB42 /* Milestone8-iOSNotesAppCloneUITests */,
			);
		};
/* End PBXProject section */

/* Begin PBXResourcesBuildPhase section */
		4094E6BA2DC5FDED0027AB42 /* Resources */ = {
			isa = PBXResourcesBuildPhase;
			buildActionMask = 2147483647;
			files = (
				4094E6FF2DC686AF0027AB42 /* Assets.xcassets in Resources */,
				4094E7022DC686AF0027AB42 /* Main.storyboard in Resources */,
			);
			runOnlyForDeploymentPostprocessing = 0;
		};
		4094E6D32DC5FDF70027AB42 /* Resources */ = {
			isa = PBXResourcesBuildPhase;
			buildActionMask = 2147483647;
			files = (
			);
			runOnlyForDeploymentPostprocessing = 0;
		};
		4094E6DD2DC5FDF70027AB42 /* Resources */ = {
			isa = PBXResourcesBuildPhase;
			buildActionMask = 2147483647;
			files = (
			);
			runOnlyForDeploymentPostprocessing = 0;
		};
/* End PBXResourcesBuildPhase section */

/* Begin PBXSourcesBuildPhase section */
		4094E6B82DC5FDED0027AB42 /* Sources */ = {
			isa = PBXSourcesBuildPhase;
			buildActionMask = 2147483647;
			files = (
				408C49D02DDEA8DB00D34449 /* UIAlertController+Ext.swift in Sources */,
				4094E7032DC686AF0027AB42 /* AppDelegate.swift in Sources */,
				405B2E352DDCC30000F639F6 /* UIViewController+Ext.swift in Sources */,
				40B2E38A2DD8D8CD007E9676 /* NCError+Utils.swift in Sources */,
				400809E62DCC61900064778D /* Constants+Utils.swift in Sources */,
				400809D62DCA50120064778D /* NoteDetailVC.swift in Sources */,
				400809DF2DCC5F740064778D /* KeychainWrapper.swift in Sources */,
				400809E02DCC5F740064778D /* KeychainItemAccessibility.swift in Sources */,
				400809E92DCC62A80064778D /* NCNote.swift in Sources */,
				400809E32DCC5FE90064778D /* PersistenceManager.swift in Sources */,
				4094E7042DC686AF0027AB42 /* Milestone8_iOSNotesAppClone.xcdatamodeld in Sources */,
				4094E7052DC686AF0027AB42 /* SceneDelegate.swift in Sources */,
				4094E7062DC686AF0027AB42 /* HomeTableVC.swift in Sources */,
			);
			runOnlyForDeploymentPostprocessing = 0;
		};
		4094E6D12DC5FDF70027AB42 /* Sources */ = {
			isa = PBXSourcesBuildPhase;
			buildActionMask = 2147483647;
			files = (
			);
			runOnlyForDeploymentPostprocessing = 0;
		};
		4094E6DB2DC5FDF70027AB42 /* Sources */ = {
			isa = PBXSourcesBuildPhase;
			buildActionMask = 2147483647;
			files = (
			);
			runOnlyForDeploymentPostprocessing = 0;
		};
/* End PBXSourcesBuildPhase section */

/* Begin PBXTargetDependency section */
		4094E6D72DC5FDF70027AB42 /* PBXTargetDependency */ = {
			isa = PBXTargetDependency;
			target = 4094E6BB2DC5FDED0027AB42 /* Milestone8-iOSNotesAppClone */;
			targetProxy = 4094E6D62DC5FDF70027AB42 /* PBXContainerItemProxy */;
		};
		4094E6E12DC5FDF70027AB42 /* PBXTargetDependency */ = {
			isa = PBXTargetDependency;
			target = 4094E6BB2DC5FDED0027AB42 /* Milestone8-iOSNotesAppClone */;
			targetProxy = 4094E6E02DC5FDF70027AB42 /* PBXContainerItemProxy */;
		};
/* End PBXTargetDependency section */

/* Begin PBXVariantGroup section */
		4094E6F92DC686AF0027AB42 /* Main.storyboard */ = {
			isa = PBXVariantGroup;
			children = (
				4094E6F82DC686AF0027AB42 /* Base */,
			);
			name = Main.storyboard;
			sourceTree = "<group>";
		};
/* End PBXVariantGroup section */

/* Begin XCBuildConfiguration section */
		4094E6E92DC5FDF70027AB42 /* Debug */ = {
			isa = XCBuildConfiguration;
			buildSettings = {
				ASSETCATALOG_COMPILER_APPICON_NAME = AppIcon;
				ASSETCATALOG_COMPILER_GLOBAL_ACCENT_COLOR_NAME = AccentColor;
				CODE_SIGN_STYLE = Automatic;
				CURRENT_PROJECT_VERSION = 1;
				DEVELOPMENT_TEAM = M9MT23QW7V;
				GENERATE_INFOPLIST_FILE = YES;
				INFOPLIST_FILE = "Milestone8-iOSNotesAppClone/Info.plist";
				INFOPLIST_KEY_UIApplicationSupportsIndirectInputEvents = YES;
				INFOPLIST_KEY_UILaunchStoryboardName = LaunchScreen;
				INFOPLIST_KEY_UIMainStoryboardFile = Main;
				INFOPLIST_KEY_UISupportedInterfaceOrientations_iPad = "UIInterfaceOrientationPortrait UIInterfaceOrientationPortraitUpsideDown UIInterfaceOrientationLandscapeLeft UIInterfaceOrientationLandscapeRight";
				INFOPLIST_KEY_UISupportedInterfaceOrientations_iPhone = "UIInterfaceOrientationPortrait UIInterfaceOrientationLandscapeLeft UIInterfaceOrientationLandscapeRight";
				LD_RUNPATH_SEARCH_PATHS = (
					"$(inherited)",
					"@executable_path/Frameworks",
				);
				MARKETING_VERSION = 1.0;
				PRODUCT_BUNDLE_IDENTIFIER = "noahpope.Milestone8-iOSNotesAppClone";
				PRODUCT_NAME = "$(TARGET_NAME)";
				SWIFT_EMIT_LOC_STRINGS = YES;
				SWIFT_VERSION = 5.0;
				TARGETED_DEVICE_FAMILY = "1,2";
			};
			name = Debug;
		};
		4094E6EA2DC5FDF70027AB42 /* Release */ = {
			isa = XCBuildConfiguration;
			buildSettings = {
				ASSETCATALOG_COMPILER_APPICON_NAME = AppIcon;
				ASSETCATALOG_COMPILER_GLOBAL_ACCENT_COLOR_NAME = AccentColor;
				CODE_SIGN_STYLE = Automatic;
				CURRENT_PROJECT_VERSION = 1;
				DEVELOPMENT_TEAM = M9MT23QW7V;
				GENERATE_INFOPLIST_FILE = YES;
				INFOPLIST_FILE = "Milestone8-iOSNotesAppClone/Info.plist";
				INFOPLIST_KEY_UIApplicationSupportsIndirectInputEvents = YES;
				INFOPLIST_KEY_UILaunchStoryboardName = LaunchScreen;
				INFOPLIST_KEY_UIMainStoryboardFile = Main;
				INFOPLIST_KEY_UISupportedInterfaceOrientations_iPad = "UIInterfaceOrientationPortrait UIInterfaceOrientationPortraitUpsideDown UIInterfaceOrientationLandscapeLeft UIInterfaceOrientationLandscapeRight";
				INFOPLIST_KEY_UISupportedInterfaceOrientations_iPhone = "UIInterfaceOrientationPortrait UIInterfaceOrientationLandscapeLeft UIInterfaceOrientationLandscapeRight";
				LD_RUNPATH_SEARCH_PATHS = (
					"$(inherited)",
					"@executable_path/Frameworks",
				);
				MARKETING_VERSION = 1.0;
				PRODUCT_BUNDLE_IDENTIFIER = "noahpope.Milestone8-iOSNotesAppClone";
				PRODUCT_NAME = "$(TARGET_NAME)";
				SWIFT_EMIT_LOC_STRINGS = YES;
				SWIFT_VERSION = 5.0;
				TARGETED_DEVICE_FAMILY = "1,2";
			};
			name = Release;
		};
		4094E6EB2DC5FDF70027AB42 /* Debug */ = {
			isa = XCBuildConfiguration;
			buildSettings = {
				ALWAYS_SEARCH_USER_PATHS = NO;
				ASSETCATALOG_COMPILER_GENERATE_SWIFT_ASSET_SYMBOL_EXTENSIONS = YES;
				CLANG_ANALYZER_NONNULL = YES;
				CLANG_ANALYZER_NUMBER_OBJECT_CONVERSION = YES_AGGRESSIVE;
				CLANG_CXX_LANGUAGE_STANDARD = "gnu++20";
				CLANG_ENABLE_MODULES = YES;
				CLANG_ENABLE_OBJC_ARC = YES;
				CLANG_ENABLE_OBJC_WEAK = YES;
				CLANG_WARN_BLOCK_CAPTURE_AUTORELEASING = YES;
				CLANG_WARN_BOOL_CONVERSION = YES;
				CLANG_WARN_COMMA = YES;
				CLANG_WARN_CONSTANT_CONVERSION = YES;
				CLANG_WARN_DEPRECATED_OBJC_IMPLEMENTATIONS = YES;
				CLANG_WARN_DIRECT_OBJC_ISA_USAGE = YES_ERROR;
				CLANG_WARN_DOCUMENTATION_COMMENTS = YES;
				CLANG_WARN_EMPTY_BODY = YES;
				CLANG_WARN_ENUM_CONVERSION = YES;
				CLANG_WARN_INFINITE_RECURSION = YES;
				CLANG_WARN_INT_CONVERSION = YES;
				CLANG_WARN_NON_LITERAL_NULL_CONVERSION = YES;
				CLANG_WARN_OBJC_IMPLICIT_RETAIN_SELF = YES;
				CLANG_WARN_OBJC_LITERAL_CONVERSION = YES;
				CLANG_WARN_OBJC_ROOT_CLASS = YES_ERROR;
				CLANG_WARN_QUOTED_INCLUDE_IN_FRAMEWORK_HEADER = YES;
				CLANG_WARN_RANGE_LOOP_ANALYSIS = YES;
				CLANG_WARN_STRICT_PROTOTYPES = YES;
				CLANG_WARN_SUSPICIOUS_MOVE = YES;
				CLANG_WARN_UNGUARDED_AVAILABILITY = YES_AGGRESSIVE;
				CLANG_WARN_UNREACHABLE_CODE = YES;
				CLANG_WARN__DUPLICATE_METHOD_MATCH = YES;
				COPY_PHASE_STRIP = NO;
				DEBUG_INFORMATION_FORMAT = dwarf;
				ENABLE_STRICT_OBJC_MSGSEND = YES;
				ENABLE_TESTABILITY = YES;
				ENABLE_USER_SCRIPT_SANDBOXING = YES;
				GCC_C_LANGUAGE_STANDARD = gnu17;
				GCC_DYNAMIC_NO_PIC = NO;
				GCC_NO_COMMON_BLOCKS = YES;
				GCC_OPTIMIZATION_LEVEL = 0;
				GCC_PREPROCESSOR_DEFINITIONS = (
					"DEBUG=1",
					"$(inherited)",
				);
				GCC_WARN_64_TO_32_BIT_CONVERSION = YES;
				GCC_WARN_ABOUT_RETURN_TYPE = YES_ERROR;
				GCC_WARN_UNDECLARED_SELECTOR = YES;
				GCC_WARN_UNINITIALIZED_AUTOS = YES_AGGRESSIVE;
				GCC_WARN_UNUSED_FUNCTION = YES;
				GCC_WARN_UNUSED_VARIABLE = YES;
				IPHONEOS_DEPLOYMENT_TARGET = 18.2;
				LOCALIZATION_PREFERS_STRING_CATALOGS = YES;
				MTL_ENABLE_DEBUG_INFO = INCLUDE_SOURCE;
				MTL_FAST_MATH = YES;
				ONLY_ACTIVE_ARCH = YES;
				SDKROOT = iphoneos;
				SWIFT_ACTIVE_COMPILATION_CONDITIONS = "DEBUG $(inherited)";
				SWIFT_OPTIMIZATION_LEVEL = "-Onone";
			};
			name = Debug;
		};
		4094E6EC2DC5FDF70027AB42 /* Release */ = {
			isa = XCBuildConfiguration;
			buildSettings = {
				ALWAYS_SEARCH_USER_PATHS = NO;
				ASSETCATALOG_COMPILER_GENERATE_SWIFT_ASSET_SYMBOL_EXTENSIONS = YES;
				CLANG_ANALYZER_NONNULL = YES;
				CLANG_ANALYZER_NUMBER_OBJECT_CONVERSION = YES_AGGRESSIVE;
				CLANG_CXX_LANGUAGE_STANDARD = "gnu++20";
				CLANG_ENABLE_MODULES = YES;
				CLANG_ENABLE_OBJC_ARC = YES;
				CLANG_ENABLE_OBJC_WEAK = YES;
				CLANG_WARN_BLOCK_CAPTURE_AUTORELEASING = YES;
				CLANG_WARN_BOOL_CONVERSION = YES;
				CLANG_WARN_COMMA = YES;
				CLANG_WARN_CONSTANT_CONVERSION = YES;
				CLANG_WARN_DEPRECATED_OBJC_IMPLEMENTATIONS = YES;
				CLANG_WARN_DIRECT_OBJC_ISA_USAGE = YES_ERROR;
				CLANG_WARN_DOCUMENTATION_COMMENTS = YES;
				CLANG_WARN_EMPTY_BODY = YES;
				CLANG_WARN_ENUM_CONVERSION = YES;
				CLANG_WARN_INFINITE_RECURSION = YES;
				CLANG_WARN_INT_CONVERSION = YES;
				CLANG_WARN_NON_LITERAL_NULL_CONVERSION = YES;
				CLANG_WARN_OBJC_IMPLICIT_RETAIN_SELF = YES;
				CLANG_WARN_OBJC_LITERAL_CONVERSION = YES;
				CLANG_WARN_OBJC_ROOT_CLASS = YES_ERROR;
				CLANG_WARN_QUOTED_INCLUDE_IN_FRAMEWORK_HEADER = YES;
				CLANG_WARN_RANGE_LOOP_ANALYSIS = YES;
				CLANG_WARN_STRICT_PROTOTYPES = YES;
				CLANG_WARN_SUSPICIOUS_MOVE = YES;
				CLANG_WARN_UNGUARDED_AVAILABILITY = YES_AGGRESSIVE;
				CLANG_WARN_UNREACHABLE_CODE = YES;
				CLANG_WARN__DUPLICATE_METHOD_MATCH = YES;
				COPY_PHASE_STRIP = NO;
				DEBUG_INFORMATION_FORMAT = "dwarf-with-dsym";
				ENABLE_NS_ASSERTIONS = NO;
				ENABLE_STRICT_OBJC_MSGSEND = YES;
				ENABLE_USER_SCRIPT_SANDBOXING = YES;
				GCC_C_LANGUAGE_STANDARD = gnu17;
				GCC_NO_COMMON_BLOCKS = YES;
				GCC_WARN_64_TO_32_BIT_CONVERSION = YES;
				GCC_WARN_ABOUT_RETURN_TYPE = YES_ERROR;
				GCC_WARN_UNDECLARED_SELECTOR = YES;
				GCC_WARN_UNINITIALIZED_AUTOS = YES_AGGRESSIVE;
				GCC_WARN_UNUSED_FUNCTION = YES;
				GCC_WARN_UNUSED_VARIABLE = YES;
				IPHONEOS_DEPLOYMENT_TARGET = 18.2;
				LOCALIZATION_PREFERS_STRING_CATALOGS = YES;
				MTL_ENABLE_DEBUG_INFO = NO;
				MTL_FAST_MATH = YES;
				SDKROOT = iphoneos;
				SWIFT_COMPILATION_MODE = wholemodule;
				VALIDATE_PRODUCT = YES;
			};
			name = Release;
		};
		4094E6EE2DC5FDF70027AB42 /* Debug */ = {
			isa = XCBuildConfiguration;
			buildSettings = {
				BUNDLE_LOADER = "$(TEST_HOST)";
				CODE_SIGN_STYLE = Automatic;
				CURRENT_PROJECT_VERSION = 1;
				DEVELOPMENT_TEAM = M9MT23QW7V;
				GENERATE_INFOPLIST_FILE = YES;
				IPHONEOS_DEPLOYMENT_TARGET = 18.2;
				MARKETING_VERSION = 1.0;
				PRODUCT_BUNDLE_IDENTIFIER = "noahpope.Milestone8-iOSNotesAppCloneTests";
				PRODUCT_NAME = "$(TARGET_NAME)";
				SWIFT_EMIT_LOC_STRINGS = NO;
				SWIFT_VERSION = 5.0;
				TARGETED_DEVICE_FAMILY = "1,2";
				TEST_HOST = "$(BUILT_PRODUCTS_DIR)/Milestone8-iOSNotesAppClone.app/$(BUNDLE_EXECUTABLE_FOLDER_PATH)/Milestone8-iOSNotesAppClone";
			};
			name = Debug;
		};
		4094E6EF2DC5FDF70027AB42 /* Release */ = {
			isa = XCBuildConfiguration;
			buildSettings = {
				BUNDLE_LOADER = "$(TEST_HOST)";
				CODE_SIGN_STYLE = Automatic;
				CURRENT_PROJECT_VERSION = 1;
				DEVELOPMENT_TEAM = M9MT23QW7V;
				GENERATE_INFOPLIST_FILE = YES;
				IPHONEOS_DEPLOYMENT_TARGET = 18.2;
				MARKETING_VERSION = 1.0;
				PRODUCT_BUNDLE_IDENTIFIER = "noahpope.Milestone8-iOSNotesAppCloneTests";
				PRODUCT_NAME = "$(TARGET_NAME)";
				SWIFT_EMIT_LOC_STRINGS = NO;
				SWIFT_VERSION = 5.0;
				TARGETED_DEVICE_FAMILY = "1,2";
				TEST_HOST = "$(BUILT_PRODUCTS_DIR)/Milestone8-iOSNotesAppClone.app/$(BUNDLE_EXECUTABLE_FOLDER_PATH)/Milestone8-iOSNotesAppClone";
			};
			name = Release;
		};
		4094E6F12DC5FDF70027AB42 /* Debug */ = {
			isa = XCBuildConfiguration;
			buildSettings = {
				CODE_SIGN_STYLE = Automatic;
				CURRENT_PROJECT_VERSION = 1;
				DEVELOPMENT_TEAM = M9MT23QW7V;
				GENERATE_INFOPLIST_FILE = YES;
				MARKETING_VERSION = 1.0;
				PRODUCT_BUNDLE_IDENTIFIER = "noahpope.Milestone8-iOSNotesAppCloneUITests";
				PRODUCT_NAME = "$(TARGET_NAME)";
				SWIFT_EMIT_LOC_STRINGS = NO;
				SWIFT_VERSION = 5.0;
				TARGETED_DEVICE_FAMILY = "1,2";
				TEST_TARGET_NAME = "Milestone8-iOSNotesAppClone";
			};
			name = Debug;
		};
		4094E6F22DC5FDF70027AB42 /* Release */ = {
			isa = XCBuildConfiguration;
			buildSettings = {
				CODE_SIGN_STYLE = Automatic;
				CURRENT_PROJECT_VERSION = 1;
				DEVELOPMENT_TEAM = M9MT23QW7V;
				GENERATE_INFOPLIST_FILE = YES;
				MARKETING_VERSION = 1.0;
				PRODUCT_BUNDLE_IDENTIFIER = "noahpope.Milestone8-iOSNotesAppCloneUITests";
				PRODUCT_NAME = "$(TARGET_NAME)";
				SWIFT_EMIT_LOC_STRINGS = NO;
				SWIFT_VERSION = 5.0;
				TARGETED_DEVICE_FAMILY = "1,2";
				TEST_TARGET_NAME = "Milestone8-iOSNotesAppClone";
			};
			name = Release;
		};
/* End XCBuildConfiguration section */

/* Begin XCConfigurationList section */
		4094E6B72DC5FDED0027AB42 /* Build configuration list for PBXProject "Milestone8-iOSNotesAppClone" */ = {
			isa = XCConfigurationList;
			buildConfigurations = (
				4094E6EB2DC5FDF70027AB42 /* Debug */,
				4094E6EC2DC5FDF70027AB42 /* Release */,
			);
			defaultConfigurationIsVisible = 0;
			defaultConfigurationName = Release;
		};
		4094E6E82DC5FDF70027AB42 /* Build configuration list for PBXNativeTarget "Milestone8-iOSNotesAppClone" */ = {
			isa = XCConfigurationList;
			buildConfigurations = (
				4094E6E92DC5FDF70027AB42 /* Debug */,
				4094E6EA2DC5FDF70027AB42 /* Release */,
			);
			defaultConfigurationIsVisible = 0;
			defaultConfigurationName = Release;
		};
		4094E6ED2DC5FDF70027AB42 /* Build configuration list for PBXNativeTarget "Milestone8-iOSNotesAppCloneTests" */ = {
			isa = XCConfigurationList;
			buildConfigurations = (
				4094E6EE2DC5FDF70027AB42 /* Debug */,
				4094E6EF2DC5FDF70027AB42 /* Release */,
			);
			defaultConfigurationIsVisible = 0;
			defaultConfigurationName = Release;
		};
		4094E6F02DC5FDF70027AB42 /* Build configuration list for PBXNativeTarget "Milestone8-iOSNotesAppCloneUITests" */ = {
			isa = XCConfigurationList;
			buildConfigurations = (
				4094E6F12DC5FDF70027AB42 /* Debug */,
				4094E6F22DC5FDF70027AB42 /* Release */,
			);
			defaultConfigurationIsVisible = 0;
			defaultConfigurationName = Release;
		};
/* End XCConfigurationList section */

/* Begin XCVersionGroup section */
		4094E6FA2DC686AF0027AB42 /* Milestone8_iOSNotesAppClone.xcdatamodeld */ = {
			isa = XCVersionGroup;
			children = (
				4094E6FE2DC686AF0027AB42 /* Milestone8_iOSNotesAppClone.xcdatamodel */,
			);
			currentVersion = 4094E6FE2DC686AF0027AB42 /* Milestone8_iOSNotesAppClone.xcdatamodel */;
			path = Milestone8_iOSNotesAppClone.xcdatamodeld;
			sourceTree = "<group>";
			versionGroupType = wrapper.xcdatamodel;
		};
/* End XCVersionGroup section */
	};
	rootObject = 4094E6B42DC5FDED0027AB42 /* Project object */;
}
